
Microsoft Visual Studio Solution File, Format Version 12.00
#
Project("{FAE04EC0-301F-11D3-BF4B-00C04F79EFBC}") = "Blog.Domain", "Blog.Domain\Blog.Domain.csproj", "{A1CB3D3B-91FB-4E88-BD40-372C083C63C0}"
EndProject
Project("{FAE04EC0-301F-11D3-BF4B-00C04F79EFBC}") = "Blog.BusinessLogic", "Blog.BusinessLogic\Blog.BusinessLogic.csproj", "{D73DECE9-E84A-49EE-BBB9-3837E6BB2B62}"
EndProject
Project("{FAE04EC0-301F-11D3-BF4B-00C04F79EFBC}") = "Blog.DataAccess", "Blog.DataAccess\Blog.DataAccess.csproj", "{1B830509-F483-45E3-919D-A461684DB351}"
EndProject
Project("{FAE04EC0-301F-11D3-BF4B-00C04F79EFBC}") = "Blog.WebApi", "Blog.WebApi\Blog.WebApi.csproj", "{4BC326B6-0AAA-4142-8E87-D844A14A5216}"
EndProject
Project("{FAE04EC0-301F-11D3-BF4B-00C04F79EFBC}") = "Blog.Tests", "Blog.Tests\Blog.Tests.csproj", "{6787514B-619B-427D-83DD-38F27DE346C8}"
EndProject
Project("{FAE04EC0-301F-11D3-BF4B-00C04F79EFBC}") = "Blog.Models", "Blog.Models\Blog.Models.csproj", "{A78257DF-9FAC-4887-A336-D7A73A48EB8B}"
EndProject
Project("{FAE04EC0-301F-11D3-BF4B-00C04F79EFBC}") = "Blog.IDataAccess", "Blog.IDataAccess\Blog.IDataAccess.csproj", "{7FE182AB-FA6C-43CF-8CD8-ADFD5FFE826F}"
EndProject
Project("{FAE04EC0-301F-11D3-BF4B-00C04F79EFBC}") = "Blog.RegisterService", "Blog.RegisterService\Blog.RegisterService.csproj", "{372CD268-E590-4348-981B-7B4735691D10}"
EndProject
Project("{FAE04EC0-301F-11D3-BF4B-00C04F79EFBC}") = "Blog.IBusinessLogic", "Blog.IBusinessLogic\Blog.IBusinessLogic.csproj", "{6EDEFA37-9808-468B-88AB-464B819910E2}"
EndProject
Project("{FAE04EC0-301F-11D3-BF4B-00C04F79EFBC}") = "Blog.Filters", "Blog.Filters\Blog.Filters.csproj", "{1B627420-3048-41DE-B3F3-33E892D02B03}"
EndProject
Global
	GlobalSection(SolutionConfigurationPlatforms) = preSolution
		Debug|Any CPU = Debug|Any CPU
		Release|Any CPU = Release|Any CPU
	EndGlobalSection
	GlobalSection(ProjectConfigurationPlatforms) = postSolution
		{A1CB3D3B-91FB-4E88-BD40-372C083C63C0}.Debug|Any CPU.ActiveCfg = Debug|Any CPU
		{A1CB3D3B-91FB-4E88-BD40-372C083C63C0}.Debug|Any CPU.Build.0 = Debug|Any CPU
		{A1CB3D3B-91FB-4E88-BD40-372C083C63C0}.Release|Any CPU.ActiveCfg = Release|Any CPU
		{A1CB3D3B-91FB-4E88-BD40-372C083C63C0}.Release|Any CPU.Build.0 = Release|Any CPU
		{D73DECE9-E84A-49EE-BBB9-3837E6BB2B62}.Debug|Any CPU.ActiveCfg = Debug|Any CPU
		{D73DECE9-E84A-49EE-BBB9-3837E6BB2B62}.Debug|Any CPU.Build.0 = Debug|Any CPU
		{D73DECE9-E84A-49EE-BBB9-3837E6BB2B62}.Release|Any CPU.ActiveCfg = Release|Any CPU
		{D73DECE9-E84A-49EE-BBB9-3837E6BB2B62}.Release|Any CPU.Build.0 = Release|Any CPU
		{1B830509-F483-45E3-919D-A461684DB351}.Debug|Any CPU.ActiveCfg = Debug|Any CPU
		{1B830509-F483-45E3-919D-A461684DB351}.Debug|Any CPU.Build.0 = Debug|Any CPU
		{1B830509-F483-45E3-919D-A461684DB351}.Release|Any CPU.ActiveCfg = Release|Any CPU
		{1B830509-F483-45E3-919D-A461684DB351}.Release|Any CPU.Build.0 = Release|Any CPU
		{4BC326B6-0AAA-4142-8E87-D844A14A5216}.Debug|Any CPU.ActiveCfg = Debug|Any CPU
		{4BC326B6-0AAA-4142-8E87-D844A14A5216}.Debug|Any CPU.Build.0 = Debug|Any CPU
		{4BC326B6-0AAA-4142-8E87-D844A14A5216}.Release|Any CPU.ActiveCfg = Release|Any CPU
		{4BC326B6-0AAA-4142-8E87-D844A14A5216}.Release|Any CPU.Build.0 = Release|Any CPU
		{6787514B-619B-427D-83DD-38F27DE346C8}.Debug|Any CPU.ActiveCfg = Debug|Any CPU
		{6787514B-619B-427D-83DD-38F27DE346C8}.Debug|Any CPU.Build.0 = Debug|Any CPU
		{6787514B-619B-427D-83DD-38F27DE346C8}.Release|Any CPU.ActiveCfg = Release|Any CPU
		{6787514B-619B-427D-83DD-38F27DE346C8}.Release|Any CPU.Build.0 = Release|Any CPU

		{7BD437CF-7D4D-43BD-801A-8258F412A416}.Debug|Any CPU.ActiveCfg = Debug|Any CPU
		{7BD437CF-7D4D-43BD-801A-8258F412A416}.Debug|Any CPU.Build.0 = Debug|Any CPU
		{7BD437CF-7D4D-43BD-801A-8258F412A416}.Release|Any CPU.ActiveCfg = Release|Any CPU
		{7BD437CF-7D4D-43BD-801A-8258F412A416}.Release|Any CPU.Build.0 = Release|Any CPU
		{A78257DF-9FAC-4887-A336-D7A73A48EB8B}.Debug|Any CPU.ActiveCfg = Debug|Any CPU
		{A78257DF-9FAC-4887-A336-D7A73A48EB8B}.Debug|Any CPU.Build.0 = Debug|Any CPU
		{A78257DF-9FAC-4887-A336-D7A73A48EB8B}.Release|Any CPU.ActiveCfg = Release|Any CPU
		{A78257DF-9FAC-4887-A336-D7A73A48EB8B}.Release|Any CPU.Build.0 = Release|Any CPU

		{7FE182AB-FA6C-43CF-8CD8-ADFD5FFE826F}.Debug|Any CPU.ActiveCfg = Debug|Any CPU
		{7FE182AB-FA6C-43CF-8CD8-ADFD5FFE826F}.Debug|Any CPU.Build.0 = Debug|Any CPU
		{7FE182AB-FA6C-43CF-8CD8-ADFD5FFE826F}.Release|Any CPU.ActiveCfg = Release|Any CPU
		{7FE182AB-FA6C-43CF-8CD8-ADFD5FFE826F}.Release|Any CPU.Build.0 = Release|Any CPU
		{372CD268-E590-4348-981B-7B4735691D10}.Debug|Any CPU.ActiveCfg = Debug|Any CPU
		{372CD268-E590-4348-981B-7B4735691D10}.Debug|Any CPU.Build.0 = Debug|Any CPU
		{372CD268-E590-4348-981B-7B4735691D10}.Release|Any CPU.ActiveCfg = Release|Any CPU
		{372CD268-E590-4348-981B-7B4735691D10}.Release|Any CPU.Build.0 = Release|Any CPU
		{6EDEFA37-9808-468B-88AB-464B819910E2}.Debug|Any CPU.ActiveCfg = Debug|Any CPU
		{6EDEFA37-9808-468B-88AB-464B819910E2}.Debug|Any CPU.Build.0 = Debug|Any CPU
		{6EDEFA37-9808-468B-88AB-464B819910E2}.Release|Any CPU.ActiveCfg = Release|Any CPU
		{6EDEFA37-9808-468B-88AB-464B819910E2}.Release|Any CPU.Build.0 = Release|Any CPU

		{1B627420-3048-41DE-B3F3-33E892D02B03}.Debug|Any CPU.ActiveCfg = Debug|Any CPU
		{1B627420-3048-41DE-B3F3-33E892D02B03}.Debug|Any CPU.Build.0 = Debug|Any CPU
		{1B627420-3048-41DE-B3F3-33E892D02B03}.Release|Any CPU.ActiveCfg = Release|Any CPU
		{1B627420-3048-41DE-B3F3-33E892D02B03}.Release|Any CPU.Build.0 = Release|Any CPU
	EndGlobalSection
EndGlobal
